DEPENDENCIES
  test-helper
    path: test/fixtures/cookbooks/test-helper
  thumbor
    path: .
    metadata: true

GRAPH
  apt (2.6.1)
  bluepill (2.3.1)
    rsyslog (>= 0.0.0)
  build-essential (2.1.3)
  monit-ng (1.5.1)
    apt (>= 0.0.0)
    build-essential (>= 0.0.0)
    ubuntu (>= 0.0.0)
    yum-epel (>= 0.0.0)
  nginx (2.7.4)
    apt (~> 2.2)
    bluepill (~> 2.3)
    build-essential (~> 2.0)
    ohai (~> 2.0)
    runit (~> 1.2)
    yum-epel (~> 0.3)
  ohai (2.0.1)
  python (1.4.6)
    build-essential (>= 0.0.0)
    yum-epel (>= 0.0.0)
  redisio (2.2.4)
    build-essential (>= 0.0.0)
    ulimit (>= 0.1.2)
  rsyslog (1.15.0)
  runit (1.5.16)
    build-essential (>= 0.0.0)
    yum (~> 3.0)
    yum-epel (>= 0.0.0)
  test-helper (0.0.1)
  thumbor (1.0.0)
    apt (>= 0.0.0)
    monit-ng (>= 0.0.0)
    nginx (>= 0.0.0)
    python (>= 0.0.0)
    redisio (>= 0.0.0)
  ubuntu (1.1.8)
    apt (>= 0.0.0)
  ulimit (0.3.3)
  yum (3.5.3)
  yum-epel (0.6.0)
    yum (~> 3.0)
